
Microsoft Visual Studio Solution File, Format Version 12.00
# Visual Studio Version 16
VisualStudioVersion = 16.0.31729.503
MinimumVisualStudioVersion = 10.0.40219.1
Project("{FAE04EC0-301F-11D3-BF4B-00C04F79EFBC}") = "OdeToFood", "OdeToFood.csproj", "{F55D9FD4-F04D-4952-A5B5-A5136A2321D3}"
EndProject
Global
	GlobalSection(SolutionConfigurationPlatforms) = preSolution
		Debug|Any CPU = Debug|Any CPU
		Release|Any CPU = Release|Any CPU
	EndGlobalSection
	GlobalSection(ProjectConfigurationPlatforms) = postSolution
		{F55D9FD4-F04D-4952-A5B5-A5136A2321D3}.Debug|Any CPU.ActiveCfg = Debug|Any CPU
		{F55D9FD4-F04D-4952-A5B5-A5136A2321D3}.Debug|Any CPU.Build.0 = Debug|Any CPU
		{F55D9FD4-F04D-4952-A5B5-A5136A2321D3}.Release|Any CPU.ActiveCfg = Release|Any CPU
		{F55D9FD4-F04D-4952-A5B5-A5136A2321D3}.Release|Any CPU.Build.0 = Release|Any CPU
	EndGlobalSection
	GlobalSection(SolutionProperties) = preSolution
		HideSolutionNode = FALSE
	EndGlobalSection
	GlobalSection(ExtensibilityGlobals) = postSolution
		SolutionGuid = {01102517-B211-4C51-B4A1-818097E1FDCD}
	EndGlobalSection
EndGlobal
