
Microsoft Visual Studio Solution File, Format Version 12.00
# Visual Studio Version 16
VisualStudioVersion = 16.0.31729.503
MinimumVisualStudioVersion = 10.0.40219.1
Project("{FAE04EC0-301F-11D3-BF4B-00C04F79EFBC}") = "febnacci", "febnacci.csproj", "{0738D634-6169-42C4-8D4B-AB0C18021778}"
EndProject
Global
	GlobalSection(SolutionConfigurationPlatforms) = preSolution
		Debug|Any CPU = Debug|Any CPU
		Release|Any CPU = Release|Any CPU
	EndGlobalSection
	GlobalSection(ProjectConfigurationPlatforms) = postSolution
		{0738D634-6169-42C4-8D4B-AB0C18021778}.Debug|Any CPU.ActiveCfg = Debug|Any CPU
		{0738D634-6169-42C4-8D4B-AB0C18021778}.Debug|Any CPU.Build.0 = Debug|Any CPU
		{0738D634-6169-42C4-8D4B-AB0C18021778}.Release|Any CPU.ActiveCfg = Release|Any CPU
		{0738D634-6169-42C4-8D4B-AB0C18021778}.Release|Any CPU.Build.0 = Release|Any CPU
	EndGlobalSection
	GlobalSection(SolutionProperties) = preSolution
		HideSolutionNode = FALSE
	EndGlobalSection
	GlobalSection(ExtensibilityGlobals) = postSolution
		SolutionGuid = {EEB3FB2B-48AD-4D15-BC6F-57757BBC60E7}
	EndGlobalSection
EndGlobal
