
Microsoft Visual Studio Solution File, Format Version 12.00
# Visual Studio Version 16
VisualStudioVersion = 16.0.31729.503
MinimumVisualStudioVersion = 10.0.40219.1
Project("{FAE04EC0-301F-11D3-BF4B-00C04F79EFBC}") = "newtreat", "newtreat.csproj", "{9722174E-E43B-4B14-ACEB-6723DB58855B}"
EndProject
Global
	GlobalSection(SolutionConfigurationPlatforms) = preSolution
		Debug|Any CPU = Debug|Any CPU
		Release|Any CPU = Release|Any CPU
	EndGlobalSection
	GlobalSection(ProjectConfigurationPlatforms) = postSolution
		{9722174E-E43B-4B14-ACEB-6723DB58855B}.Debug|Any CPU.ActiveCfg = Debug|Any CPU
		{9722174E-E43B-4B14-ACEB-6723DB58855B}.Debug|Any CPU.Build.0 = Debug|Any CPU
		{9722174E-E43B-4B14-ACEB-6723DB58855B}.Release|Any CPU.ActiveCfg = Release|Any CPU
		{9722174E-E43B-4B14-ACEB-6723DB58855B}.Release|Any CPU.Build.0 = Release|Any CPU
	EndGlobalSection
	GlobalSection(SolutionProperties) = preSolution
		HideSolutionNode = FALSE
	EndGlobalSection
	GlobalSection(ExtensibilityGlobals) = postSolution
		SolutionGuid = {58749A4E-0EC0-407C-B992-BCB1EA4ACDF6}
	EndGlobalSection
EndGlobal
