
Microsoft Visual Studio Solution File, Format Version 12.00
# Visual Studio Version 16
VisualStudioVersion = 16.0.30717.126
MinimumVisualStudioVersion = 10.0.40219.1
Project("{FAE04EC0-301F-11D3-BF4B-00C04F79EFBC}") = "WindowsFormsApp1", "WindowsFormsApp1.csproj", "{60B51AD2-B7DC-43D9-8F9A-477DC3AEFDB0}"
EndProject
Global
	GlobalSection(SolutionConfigurationPlatforms) = preSolution
		Debug|Any CPU = Debug|Any CPU
		Release|Any CPU = Release|Any CPU
	EndGlobalSection
	GlobalSection(ProjectConfigurationPlatforms) = postSolution
		{60B51AD2-B7DC-43D9-8F9A-477DC3AEFDB0}.Debug|Any CPU.ActiveCfg = Debug|Any CPU
		{60B51AD2-B7DC-43D9-8F9A-477DC3AEFDB0}.Debug|Any CPU.Build.0 = Debug|Any CPU
		{60B51AD2-B7DC-43D9-8F9A-477DC3AEFDB0}.Release|Any CPU.ActiveCfg = Release|Any CPU
		{60B51AD2-B7DC-43D9-8F9A-477DC3AEFDB0}.Release|Any CPU.Build.0 = Release|Any CPU
	EndGlobalSection
	GlobalSection(SolutionProperties) = preSolution
		HideSolutionNode = FALSE
	EndGlobalSection
	GlobalSection(ExtensibilityGlobals) = postSolution
		SolutionGuid = {33BB34B3-D689-4D4B-B804-340014C8CEAD}
	EndGlobalSection
EndGlobal
