
Microsoft Visual Studio Solution File, Format Version 12.00
# Visual Studio Version 17
VisualStudioVersion = 17.0.32014.148
MinimumVisualStudioVersion = 10.0.40219.1
Project("{FAE04EC0-301F-11D3-BF4B-00C04F79EFBC}") = "FirendOrganizer.UI", "FirendOrganizer.UI\FirendOrganizer.UI.csproj", "{F5BB66DD-5E3E-49D1-A6D4-866332A2F6CC}"
EndProject
Project("{FAE04EC0-301F-11D3-BF4B-00C04F79EFBC}") = "FriendOrganizer.Model", "FriendOrganizer.Model\FriendOrganizer.Model.csproj", "{EDB34CD5-8F9A-4FFA-A6FF-924FBFFDFA2A}"
EndProject
Project("{FAE04EC0-301F-11D3-BF4B-00C04F79EFBC}") = "FriendOrganizer.DataAccess", "FriendOrganizer.DataAccess\FriendOrganizer.DataAccess.csproj", "{17211CFD-4BEA-4856-8633-044FD8184049}"
EndProject
Global
	GlobalSection(SolutionConfigurationPlatforms) = preSolution
		Debug|Any CPU = Debug|Any CPU
		Release|Any CPU = Release|Any CPU
	EndGlobalSection
	GlobalSection(ProjectConfigurationPlatforms) = postSolution
		{F5BB66DD-5E3E-49D1-A6D4-866332A2F6CC}.Debug|Any CPU.ActiveCfg = Debug|Any CPU
		{F5BB66DD-5E3E-49D1-A6D4-866332A2F6CC}.Debug|Any CPU.Build.0 = Debug|Any CPU
		{F5BB66DD-5E3E-49D1-A6D4-866332A2F6CC}.Release|Any CPU.ActiveCfg = Release|Any CPU
		{F5BB66DD-5E3E-49D1-A6D4-866332A2F6CC}.Release|Any CPU.Build.0 = Release|Any CPU
		{EDB34CD5-8F9A-4FFA-A6FF-924FBFFDFA2A}.Debug|Any CPU.ActiveCfg = Debug|Any CPU
		{EDB34CD5-8F9A-4FFA-A6FF-924FBFFDFA2A}.Debug|Any CPU.Build.0 = Debug|Any CPU
		{EDB34CD5-8F9A-4FFA-A6FF-924FBFFDFA2A}.Release|Any CPU.ActiveCfg = Release|Any CPU
		{EDB34CD5-8F9A-4FFA-A6FF-924FBFFDFA2A}.Release|Any CPU.Build.0 = Release|Any CPU
		{17211CFD-4BEA-4856-8633-044FD8184049}.Debug|Any CPU.ActiveCfg = Debug|Any CPU
		{17211CFD-4BEA-4856-8633-044FD8184049}.Debug|Any CPU.Build.0 = Debug|Any CPU
		{17211CFD-4BEA-4856-8633-044FD8184049}.Release|Any CPU.ActiveCfg = Release|Any CPU
		{17211CFD-4BEA-4856-8633-044FD8184049}.Release|Any CPU.Build.0 = Release|Any CPU
	EndGlobalSection
	GlobalSection(SolutionProperties) = preSolution
		HideSolutionNode = FALSE
	EndGlobalSection
	GlobalSection(ExtensibilityGlobals) = postSolution
		SolutionGuid = {8C10EE02-E110-4BC5-8DBE-F7090E8D4C34}
	EndGlobalSection
EndGlobal
